
Microsoft Visual Studio Solution File, Format Version 12.00
# Visual Studio Version 17
VisualStudioVersion = 17.11.35327.3
MinimumVisualStudioVersion = 10.0.40219.1
Project("{9A19103F-16F7-4668-BE54-9A1E7A4F7556}") = "ConvMVVM2.Core", "ConvMVVM2.Core\ConvMVVM2.Core.csproj", "{7BB47873-5EB2-4649-BF08-D280B70F7F02}"
EndProject
Project("{9A19103F-16F7-4668-BE54-9A1E7A4F7556}") = "Lib.Test", "Lib.Test\Lib.Test.csproj", "{8234B034-A44C-4C3C-A527-50FEA09C8507}"
EndProject
Project("{FAE04EC0-301F-11D3-BF4B-00C04F79EFBC}") = "ConvMVVM2.WPF", "ConvMVVM2.WPF\ConvMVVM2.WPF.csproj", "{73B948BE-3CB0-46EC-A38F-B53C6C1932ED}"
EndProject
Global
	GlobalSection(SolutionConfigurationPlatforms) = preSolution
		Debug|Any CPU = Debug|Any CPU
		Debug|x64 = Debug|x64
		Release|Any CPU = Release|Any CPU
		Release|x64 = Release|x64
	EndGlobalSection
	GlobalSection(ProjectConfigurationPlatforms) = postSolution
		{7BB47873-5EB2-4649-BF08-D280B70F7F02}.Debug|Any CPU.ActiveCfg = Debug|x64
		{7BB47873-5EB2-4649-BF08-D280B70F7F02}.Debug|Any CPU.Build.0 = Debug|x64
		{7BB47873-5EB2-4649-BF08-D280B70F7F02}.Debug|x64.ActiveCfg = Debug|x64
		{7BB47873-5EB2-4649-BF08-D280B70F7F02}.Debug|x64.Build.0 = Debug|x64
		{7BB47873-5EB2-4649-BF08-D280B70F7F02}.Release|Any CPU.ActiveCfg = Release|Any CPU
		{7BB47873-5EB2-4649-BF08-D280B70F7F02}.Release|Any CPU.Build.0 = Release|Any CPU
		{7BB47873-5EB2-4649-BF08-D280B70F7F02}.Release|x64.ActiveCfg = Release|x64
		{7BB47873-5EB2-4649-BF08-D280B70F7F02}.Release|x64.Build.0 = Release|x64
		{8234B034-A44C-4C3C-A527-50FEA09C8507}.Debug|Any CPU.ActiveCfg = Debug|x64
		{8234B034-A44C-4C3C-A527-50FEA09C8507}.Debug|Any CPU.Build.0 = Debug|x64
		{8234B034-A44C-4C3C-A527-50FEA09C8507}.Debug|x64.ActiveCfg = Debug|x64
		{8234B034-A44C-4C3C-A527-50FEA09C8507}.Debug|x64.Build.0 = Debug|x64
		{8234B034-A44C-4C3C-A527-50FEA09C8507}.Release|Any CPU.ActiveCfg = Release|Any CPU
		{8234B034-A44C-4C3C-A527-50FEA09C8507}.Release|Any CPU.Build.0 = Release|Any CPU
		{8234B034-A44C-4C3C-A527-50FEA09C8507}.Release|x64.ActiveCfg = Release|Any CPU
		{8234B034-A44C-4C3C-A527-50FEA09C8507}.Release|x64.Build.0 = Release|Any CPU
		{73B948BE-3CB0-46EC-A38F-B53C6C1932ED}.Debug|Any CPU.ActiveCfg = Debug|Any CPU
		{73B948BE-3CB0-46EC-A38F-B53C6C1932ED}.Debug|Any CPU.Build.0 = Debug|Any CPU
		{73B948BE-3CB0-46EC-A38F-B53C6C1932ED}.Debug|x64.ActiveCfg = Debug|Any CPU
		{73B948BE-3CB0-46EC-A38F-B53C6C1932ED}.Debug|x64.Build.0 = Debug|Any CPU
		{73B948BE-3CB0-46EC-A38F-B53C6C1932ED}.Release|Any CPU.ActiveCfg = Release|Any CPU
		{73B948BE-3CB0-46EC-A38F-B53C6C1932ED}.Release|Any CPU.Build.0 = Release|Any CPU
		{73B948BE-3CB0-46EC-A38F-B53C6C1932ED}.Release|x64.ActiveCfg = Release|x64
		{73B948BE-3CB0-46EC-A38F-B53C6C1932ED}.Release|x64.Build.0 = Release|x64
	EndGlobalSection
	GlobalSection(SolutionProperties) = preSolution
		HideSolutionNode = FALSE
	EndGlobalSection
	GlobalSection(ExtensibilityGlobals) = postSolution
		SolutionGuid = {5147EE5D-C35E-4A24-B8A8-971864072F90}
	EndGlobalSection
EndGlobal
