
Microsoft Visual Studio Solution File, Format Version 12.00
# Visual Studio Version 17
VisualStudioVersion = 17.11.35327.3
MinimumVisualStudioVersion = 10.0.40219.1
Project("{9A19103F-16F7-4668-BE54-9A1E7A4F7556}") = "ConvMVVM2.Core", "ConvMVVM2.Core\ConvMVVM2.Core.csproj", "{7BB47873-5EB2-4649-BF08-D280B70F7F02}"
EndProject
Project("{9A19103F-16F7-4668-BE54-9A1E7A4F7556}") = "ConvMVVM2.WPF", "ConvMVVM2.WPF\ConvMVVM2.WPF.csproj", "{73B948BE-3CB0-46EC-A38F-B53C6C1932ED}"
EndProject
Project("{FAE04EC0-301F-11D3-BF4B-00C04F79EFBC}") = "Test.WPF", "Test.WPF\Test.WPF.csproj", "{49E3E55F-F419-43A2-9FFC-01310673F0A8}"
	ProjectSection(ProjectDependencies) = postProject
		{0658B222-82DF-4C3D-9F6A-CE7EA47454F5} = {0658B222-82DF-4C3D-9F6A-CE7EA47454F5}
	EndProjectSection
EndProject
Project("{FAE04EC0-301F-11D3-BF4B-00C04F79EFBC}") = "Test.ModuleA", "Test.ModuleA\Test.ModuleA.csproj", "{0658B222-82DF-4C3D-9F6A-CE7EA47454F5}"
EndProject
Project("{FAE04EC0-301F-11D3-BF4B-00C04F79EFBC}") = "Test.Winform", "Test.Winform\Test.Winform.csproj", "{66EE10AD-CB9B-47BB-9E51-6BFF6F3B8114}"
EndProject
Project("{FAE04EC0-301F-11D3-BF4B-00C04F79EFBC}") = "ConvMVVM2.Winform", "ConvMVVM2.Winform\ConvMVVM2.Winform.csproj", "{EC1C43D2-509E-4D52-AF30-34DB0B0C33AE}"
EndProject
Project("{FAE04EC0-301F-11D3-BF4B-00C04F79EFBC}") = "Test.WinformTest", "Test.WinformTest\Test.WinformTest.csproj", "{B9DB6F3B-3A57-4E5B-BE69-E024F2DA6F86}"
EndProject
Global
	GlobalSection(SolutionConfigurationPlatforms) = preSolution
		Debug|Any CPU = Debug|Any CPU
		Debug|x64 = Debug|x64
		Release|Any CPU = Release|Any CPU
		Release|x64 = Release|x64
	EndGlobalSection
	GlobalSection(ProjectConfigurationPlatforms) = postSolution
		{7BB47873-5EB2-4649-BF08-D280B70F7F02}.Debug|Any CPU.ActiveCfg = Debug|Any CPU
		{7BB47873-5EB2-4649-BF08-D280B70F7F02}.Debug|Any CPU.Build.0 = Debug|Any CPU
		{7BB47873-5EB2-4649-BF08-D280B70F7F02}.Debug|x64.ActiveCfg = Debug|x64
		{7BB47873-5EB2-4649-BF08-D280B70F7F02}.Debug|x64.Build.0 = Debug|x64
		{7BB47873-5EB2-4649-BF08-D280B70F7F02}.Release|Any CPU.ActiveCfg = Release|Any CPU
		{7BB47873-5EB2-4649-BF08-D280B70F7F02}.Release|Any CPU.Build.0 = Release|Any CPU
		{7BB47873-5EB2-4649-BF08-D280B70F7F02}.Release|x64.ActiveCfg = Release|x86
		{7BB47873-5EB2-4649-BF08-D280B70F7F02}.Release|x64.Build.0 = Release|x86
		{73B948BE-3CB0-46EC-A38F-B53C6C1932ED}.Debug|Any CPU.ActiveCfg = Debug|Any CPU
		{73B948BE-3CB0-46EC-A38F-B53C6C1932ED}.Debug|Any CPU.Build.0 = Debug|Any CPU
		{73B948BE-3CB0-46EC-A38F-B53C6C1932ED}.Debug|x64.ActiveCfg = Debug|x64
		{73B948BE-3CB0-46EC-A38F-B53C6C1932ED}.Debug|x64.Build.0 = Debug|x64
		{73B948BE-3CB0-46EC-A38F-B53C6C1932ED}.Release|Any CPU.ActiveCfg = Release|Any CPU
		{73B948BE-3CB0-46EC-A38F-B53C6C1932ED}.Release|Any CPU.Build.0 = Release|Any CPU
		{73B948BE-3CB0-46EC-A38F-B53C6C1932ED}.Release|x64.ActiveCfg = Release|x64
		{73B948BE-3CB0-46EC-A38F-B53C6C1932ED}.Release|x64.Build.0 = Release|x64
		{49E3E55F-F419-43A2-9FFC-01310673F0A8}.Debug|Any CPU.ActiveCfg = Debug|Any CPU
		{49E3E55F-F419-43A2-9FFC-01310673F0A8}.Debug|Any CPU.Build.0 = Debug|Any CPU
		{49E3E55F-F419-43A2-9FFC-01310673F0A8}.Debug|x64.ActiveCfg = Debug|x64
		{49E3E55F-F419-43A2-9FFC-01310673F0A8}.Debug|x64.Build.0 = Debug|x64
		{49E3E55F-F419-43A2-9FFC-01310673F0A8}.Release|Any CPU.ActiveCfg = Release|Any CPU
		{49E3E55F-F419-43A2-9FFC-01310673F0A8}.Release|Any CPU.Build.0 = Release|Any CPU
		{49E3E55F-F419-43A2-9FFC-01310673F0A8}.Release|x64.ActiveCfg = Release|x64
		{49E3E55F-F419-43A2-9FFC-01310673F0A8}.Release|x64.Build.0 = Release|x64
		{0658B222-82DF-4C3D-9F6A-CE7EA47454F5}.Debug|Any CPU.ActiveCfg = Debug|Any CPU
		{0658B222-82DF-4C3D-9F6A-CE7EA47454F5}.Debug|Any CPU.Build.0 = Debug|Any CPU
		{0658B222-82DF-4C3D-9F6A-CE7EA47454F5}.Debug|x64.ActiveCfg = Debug|x64
		{0658B222-82DF-4C3D-9F6A-CE7EA47454F5}.Debug|x64.Build.0 = Debug|x64
		{0658B222-82DF-4C3D-9F6A-CE7EA47454F5}.Release|Any CPU.ActiveCfg = Release|Any CPU
		{0658B222-82DF-4C3D-9F6A-CE7EA47454F5}.Release|Any CPU.Build.0 = Release|Any CPU
		{0658B222-82DF-4C3D-9F6A-CE7EA47454F5}.Release|x64.ActiveCfg = Release|x64
		{0658B222-82DF-4C3D-9F6A-CE7EA47454F5}.Release|x64.Build.0 = Release|x64
		{66EE10AD-CB9B-47BB-9E51-6BFF6F3B8114}.Debug|Any CPU.ActiveCfg = Debug|Any CPU
		{66EE10AD-CB9B-47BB-9E51-6BFF6F3B8114}.Debug|Any CPU.Build.0 = Debug|Any CPU
		{66EE10AD-CB9B-47BB-9E51-6BFF6F3B8114}.Debug|x64.ActiveCfg = Debug|Any CPU
		{66EE10AD-CB9B-47BB-9E51-6BFF6F3B8114}.Debug|x64.Build.0 = Debug|Any CPU
		{66EE10AD-CB9B-47BB-9E51-6BFF6F3B8114}.Release|Any CPU.ActiveCfg = Release|Any CPU
		{66EE10AD-CB9B-47BB-9E51-6BFF6F3B8114}.Release|Any CPU.Build.0 = Release|Any CPU
		{66EE10AD-CB9B-47BB-9E51-6BFF6F3B8114}.Release|x64.ActiveCfg = Release|Any CPU
		{66EE10AD-CB9B-47BB-9E51-6BFF6F3B8114}.Release|x64.Build.0 = Release|Any CPU
		{EC1C43D2-509E-4D52-AF30-34DB0B0C33AE}.Debug|Any CPU.ActiveCfg = Debug|Any CPU
		{EC1C43D2-509E-4D52-AF30-34DB0B0C33AE}.Debug|Any CPU.Build.0 = Debug|Any CPU
		{EC1C43D2-509E-4D52-AF30-34DB0B0C33AE}.Debug|x64.ActiveCfg = Debug|Any CPU
		{EC1C43D2-509E-4D52-AF30-34DB0B0C33AE}.Debug|x64.Build.0 = Debug|Any CPU
		{EC1C43D2-509E-4D52-AF30-34DB0B0C33AE}.Release|Any CPU.ActiveCfg = Release|Any CPU
		{EC1C43D2-509E-4D52-AF30-34DB0B0C33AE}.Release|Any CPU.Build.0 = Release|Any CPU
		{EC1C43D2-509E-4D52-AF30-34DB0B0C33AE}.Release|x64.ActiveCfg = Release|Any CPU
		{EC1C43D2-509E-4D52-AF30-34DB0B0C33AE}.Release|x64.Build.0 = Release|Any CPU
		{B9DB6F3B-3A57-4E5B-BE69-E024F2DA6F86}.Debug|Any CPU.ActiveCfg = Debug|x64
		{B9DB6F3B-3A57-4E5B-BE69-E024F2DA6F86}.Debug|Any CPU.Build.0 = Debug|x64
		{B9DB6F3B-3A57-4E5B-BE69-E024F2DA6F86}.Debug|x64.ActiveCfg = Debug|Any CPU
		{B9DB6F3B-3A57-4E5B-BE69-E024F2DA6F86}.Debug|x64.Build.0 = Debug|Any CPU
		{B9DB6F3B-3A57-4E5B-BE69-E024F2DA6F86}.Release|Any CPU.ActiveCfg = Release|x64
		{B9DB6F3B-3A57-4E5B-BE69-E024F2DA6F86}.Release|Any CPU.Build.0 = Release|x64
		{B9DB6F3B-3A57-4E5B-BE69-E024F2DA6F86}.Release|x64.ActiveCfg = Release|Any CPU
		{B9DB6F3B-3A57-4E5B-BE69-E024F2DA6F86}.Release|x64.Build.0 = Release|Any CPU
	EndGlobalSection
	GlobalSection(SolutionProperties) = preSolution
		HideSolutionNode = FALSE
	EndGlobalSection
	GlobalSection(ExtensibilityGlobals) = postSolution
		SolutionGuid = {5147EE5D-C35E-4A24-B8A8-971864072F90}
	EndGlobalSection
EndGlobal
